Microsoft Visual Studio Solution File, Format Version 12.00
# Visual Studio Version 17
VisualStudioVersion = 17.5.2.0
MinimumVisualStudioVersion = 10.0.40219.1
Project("{FAE04EC0-301F-11D3-BF4B-00C04F79EFBC}") = "Wk7Ex1", "Wk7Ex1.csproj", "{7BA2C058-CE72-F8B8-465E-408940CAC992}"
EndProject
Global
	GlobalSection(SolutionConfigurationPlatforms) = preSolution
		Debug|Any CPU = Debug|Any CPU
		Release|Any CPU = Release|Any CPU
	EndGlobalSection
	GlobalSection(ProjectConfigurationPlatforms) = postSolution
		{7BA2C058-CE72-F8B8-465E-408940CAC992}.Debug|Any CPU.ActiveCfg = Debug|Any CPU
		{7BA2C058-CE72-F8B8-465E-408940CAC992}.Debug|Any CPU.Build.0 = Debug|Any CPU
		{7BA2C058-CE72-F8B8-465E-408940CAC992}.Release|Any CPU.ActiveCfg = Release|Any CPU
		{7BA2C058-CE72-F8B8-465E-408940CAC992}.Release|Any CPU.Build.0 = Release|Any CPU
	EndGlobalSection
	GlobalSection(SolutionProperties) = preSolution
		HideSolutionNode = FALSE
	EndGlobalSection
	GlobalSection(ExtensibilityGlobals) = postSolution
		SolutionGuid = {175FC689-217C-45FA-B246-EC14CA794B33}
	EndGlobalSection
EndGlobal
